
Microsoft Visual Studio Solution File, Format Version 12.00
# Visual Studio Version 17
VisualStudioVersion = 17.9.34701.34
MinimumVisualStudioVersion = 10.0.40219.1
Project("{FAE04EC0-301F-11D3-BF4B-00C04F79EFBC}") = "DotnetAutheticationCookies", "DotnetAutheticationCookies\DotnetAutheticationCookies.csproj", "{45DF8BC7-2169-4322-824D-D9E7640A2B25}"
EndProject
Global
	GlobalSection(SolutionConfigurationPlatforms) = preSolution
		Debug|Any CPU = Debug|Any CPU
		Release|Any CPU = Release|Any CPU
	EndGlobalSection
	GlobalSection(ProjectConfigurationPlatforms) = postSolution
		{45DF8BC7-2169-4322-824D-D9E7640A2B25}.Debug|Any CPU.ActiveCfg = Debug|Any CPU
		{45DF8BC7-2169-4322-824D-D9E7640A2B25}.Debug|Any CPU.Build.0 = Debug|Any CPU
		{45DF8BC7-2169-4322-824D-D9E7640A2B25}.Release|Any CPU.ActiveCfg = Release|Any CPU
		{45DF8BC7-2169-4322-824D-D9E7640A2B25}.Release|Any CPU.Build.0 = Release|Any CPU
	EndGlobalSection
	GlobalSection(SolutionProperties) = preSolution
		HideSolutionNode = FALSE
	EndGlobalSection
	GlobalSection(ExtensibilityGlobals) = postSolution
		SolutionGuid = {E35E378A-9DA2-4C2F-B0C5-2806388BDDFB}
	EndGlobalSection
EndGlobal
